// !$*UTF8*$!
{
	archiveVersion = 1;
	classes = {
	};
	objectVersion = 48;
	objects = {

/* Begin PBXBuildFile section */
		7FA3A57C2029AC9400BBE9F9 /* AppDelegate.swift in Sources */ = {isa = PBXBuildFile; fileRef = 7FA3A57B2029AC9400BBE9F9 /* AppDelegate.swift */; };
		7FA3A57E2029AC9400BBE9F9 /* ViewController.swift in Sources */ = {isa = PBXBuildFile; fileRef = 7FA3A57D2029AC9400BBE9F9 /* ViewController.swift */; };
		7FA3A5812029AC9500BBE9F9 /* Main.storyboard in Resources */ = {isa = PBXBuildFile; fileRef = 7FA3A57F2029AC9500BBE9F9 /* Main.storyboard */; };
		7FA3A5832029AC9500BBE9F9 /* Assets.xcassets in Resources */ = {isa = PBXBuildFile; fileRef = 7FA3A5822029AC9500BBE9F9 /* Assets.xcassets */; };
		7FA3A5862029AC9500BBE9F9 /* LaunchScreen.storyboard in Resources */ = {isa = PBXBuildFile; fileRef = 7FA3A5842029AC9500BBE9F9 /* LaunchScreen.storyboard */; };
		7FA3A5912029AC9500BBE9F9 /* NewSqliteDemoAppTests.swift in Sources */ = {isa = PBXBuildFile; fileRef = 7FA3A5902029AC9500BBE9F9 /* NewSqliteDemoAppTests.swift */; };
		7FA3A59C2029AC9600BBE9F9 /* NewSqliteDemoAppUITests.swift in Sources */ = {isa = PBXBuildFile; fileRef = 7FA3A59B2029AC9600BBE9F9 /* NewSqliteDemoAppUITests.swift */; };
		7FA3A5B02029B9C800BBE9F9 /* viewModel.swift in Sources */ = {isa = PBXBuildFile; fileRef = 7FA3A5AF2029B9C800BBE9F9 /* viewModel.swift */; };
		7FA3A5B22029BEAE00BBE9F9 /* DBManager.swift in Sources */ = {isa = PBXBuildFile; fileRef = 7FA3A5B12029BEAE00BBE9F9 /* DBManager.swift */; };
		7FA3A5B42029D1A600BBE9F9 /* MyData.swift in Sources */ = {isa = PBXBuildFile; fileRef = 7FA3A5B32029D1A600BBE9F9 /* MyData.swift */; };
/* End PBXBuildFile section */

/* Begin PBXContainerItemProxy section */
		7FA3A58D2029AC9500BBE9F9 /* PBXContainerItemProxy */ = {
			isa = PBXContainerItemProxy;
			containerPortal = 7FA3A5702029AC9400BBE9F9 /* Project object */;
			proxyType = 1;
			remoteGlobalIDString = 7FA3A5772029AC9400BBE9F9;
			remoteInfo = NewSqliteDemoApp;
		};
		7FA3A5982029AC9600BBE9F9 /* PBXContainerItemProxy */ = {
			isa = PBXContainerItemProxy;
			containerPortal = 7FA3A5702029AC9400BBE9F9 /* Project object */;
			proxyType = 1;
			remoteGlobalIDString = 7FA3A5772029AC9400BBE9F9;
			remoteInfo = NewSqliteDemoApp;
		};
/* End PBXContainerItemProxy section */

/* Begin PBXFileReference section */
		7FA3A5782029AC9400BBE9F9 /* NewSqliteDemoApp.app */ = {isa = PBXFileReference; explicitFileType = wrapper.application; includeInIndex = 0; path = NewSqliteDemoApp.app; sourceTree = BUILT_PRODUCTS_DIR; };
		7FA3A57B2029AC9400BBE9F9 /* AppDelegate.swift */ = {isa = PBXFileReference; lastKnownFileType = sourcecode.swift; path = AppDelegate.swift; sourceTree = "<group>"; };
		7FA3A57D2029AC9400BBE9F9 /* ViewController.swift */ = {isa = PBXFileReference; lastKnownFileType = sourcecode.swift; path = ViewController.swift; sourceTree = "<group>"; };
		7FA3A5802029AC9500BBE9F9 /* Base */ = {isa = PBXFileReference; lastKnownFileType = file.storyboard; name = Base; path = Base.lproj/Main.storyboard; sourceTree = "<group>"; };
		7FA3A5822029AC9500BBE9F9 /* Assets.xcassets */ = {isa = PBXFileReference; lastKnownFileType = folder.assetcatalog; path = Assets.xcassets; sourceTree = "<group>"; };
		7FA3A5852029AC9500BBE9F9 /* Base */ = {isa = PBXFileReference; lastKnownFileType = file.storyboard; name = Base; path = Base.lproj/LaunchScreen.storyboard; sourceTree = "<group>"; };
		7FA3A5872029AC9500BBE9F9 /* Info.plist */ = {isa = PBXFileReference; lastKnownFileType = text.plist.xml; path = Info.plist; sourceTree = "<group>"; };
		7FA3A58C2029AC9500BBE9F9 /* NewSqliteDemoAppTests.xctest */ = {isa = PBXFileReference; explicitFileType = wrapper.cfbundle; includeInIndex = 0; path = NewSqliteDemoAppTests.xctest; sourceTree = BUILT_PRODUCTS_DIR; };
		7FA3A5902029AC9500BBE9F9 /* NewSqliteDemoAppTests.swift */ = {isa = PBXFileReference; lastKnownFileType = sourcecode.swift; path = NewSqliteDemoAppTests.swift; sourceTree = "<group>"; };
		7FA3A5922029AC9600BBE9F9 /* Info.plist */ = {isa = PBXFileReference; lastKnownFileType = text.plist.xml; path = Info.plist; sourceTree = "<group>"; };
		7FA3A5972029AC9600BBE9F9 /* NewSqliteDemoAppUITests.xctest */ = {isa = PBXFileReference; explicitFileType = wrapper.cfbundle; includeInIndex = 0; path = NewSqliteDemoAppUITests.xctest; sourceTree = BUILT_PRODUCTS_DIR; };
		7FA3A59B2029AC9600BBE9F9 /* NewSqliteDemoAppUITests.swift */ = {isa = PBXFileReference; lastKnownFileType = sourcecode.swift; path = NewSqliteDemoAppUITests.swift; sourceTree = "<group>"; };
		7FA3A59D2029AC9600BBE9F9 /* Info.plist */ = {isa = PBXFileReference; lastKnownFileType = text.plist.xml; path = Info.plist; sourceTree = "<group>"; };
		7FA3A5AB2029B3DB00BBE9F9 /* NewSqliteDemoApp-Bridging-Header.h */ = {isa = PBXFileReference; lastKnownFileType = sourcecode.c.h; path = "NewSqliteDemoApp-Bridging-Header.h"; sourceTree = "<group>"; };
		7FA3A5AF2029B9C800BBE9F9 /* viewModel.swift */ = {isa = PBXFileReference; lastKnownFileType = sourcecode.swift; path = viewModel.swift; sourceTree = "<group>"; };
		7FA3A5B12029BEAE00BBE9F9 /* DBManager.swift */ = {isa = PBXFileReference; lastKnownFileType = sourcecode.swift; path = DBManager.swift; sourceTree = "<group>"; };
		7FA3A5B32029D1A600BBE9F9 /* MyData.swift */ = {isa = PBXFileReference; lastKnownFileType = sourcecode.swift; path = MyData.swift; sourceTree = "<group>"; };
/* End PBXFileReference section */

/* Begin PBXFrameworksBuildPhase section */
		7FA3A5752029AC9400BBE9F9 /* Frameworks */ = {
			isa = PBXFrameworksBuildPhase;
			buildActionMask = 2147483647;
			files = (
			);
			runOnlyForDeploymentPostprocessing = 0;
		};
		7FA3A5892029AC9500BBE9F9 /* Frameworks */ = {
			isa = PBXFrameworksBuildPhase;
			buildActionMask = 2147483647;
			files = (
			);
			runOnlyForDeploymentPostprocessing = 0;
		};
		7FA3A5942029AC9600BBE9F9 /* Frameworks */ = {
			isa = PBXFrameworksBuildPhase;
			buildActionMask = 2147483647;
			files = (
			);
			runOnlyForDeploymentPostprocessing = 0;
		};
/* End PBXFrameworksBuildPhase section */

/* Begin PBXGroup section */
		7FA3A56F2029AC9400BBE9F9 = {
			isa = PBXGroup;
			children = (
				7FA3A57A2029AC9400BBE9F9 /* NewSqliteDemoApp */,
				7FA3A58F2029AC9500BBE9F9 /* NewSqliteDemoAppTests */,
				7FA3A59A2029AC9600BBE9F9 /* NewSqliteDemoAppUITests */,
				7FA3A5792029AC9400BBE9F9 /* Products */,
			);
			sourceTree = "<group>";
		};
		7FA3A5792029AC9400BBE9F9 /* Products */ = {
			isa = PBXGroup;
			children = (
				7FA3A5782029AC9400BBE9F9 /* NewSqliteDemoApp.app */,
				7FA3A58C2029AC9500BBE9F9 /* NewSqliteDemoAppTests.xctest */,
				7FA3A5972029AC9600BBE9F9 /* NewSqliteDemoAppUITests.xctest */,
			);
			name = Products;
			sourceTree = "<group>";
		};
		7FA3A57A2029AC9400BBE9F9 /* NewSqliteDemoApp */ = {
			isa = PBXGroup;
			children = (
				7FA3A57B2029AC9400BBE9F9 /* AppDelegate.swift */,
				7FA3A57D2029AC9400BBE9F9 /* ViewController.swift */,
				7FA3A5AF2029B9C800BBE9F9 /* viewModel.swift */,
				7FA3A5B32029D1A600BBE9F9 /* MyData.swift */,
				7FA3A5B12029BEAE00BBE9F9 /* DBManager.swift */,
				7FA3A57F2029AC9500BBE9F9 /* Main.storyboard */,
				7FA3A5822029AC9500BBE9F9 /* Assets.xcassets */,
				7FA3A5842029AC9500BBE9F9 /* LaunchScreen.storyboard */,
				7FA3A5872029AC9500BBE9F9 /* Info.plist */,
				7FA3A5AB2029B3DB00BBE9F9 /* NewSqliteDemoApp-Bridging-Header.h */,
			);
			path = NewSqliteDemoApp;
			sourceTree = "<group>";
		};
		7FA3A58F2029AC9500BBE9F9 /* NewSqliteDemoAppTests */ = {
			isa = PBXGroup;
			children = (
				7FA3A5902029AC9500BBE9F9 /* NewSqliteDemoAppTests.swift */,
				7FA3A5922029AC9600BBE9F9 /* Info.plist */,
			);
			path = NewSqliteDemoAppTests;
			sourceTree = "<group>";
		};
		7FA3A59A2029AC9600BBE9F9 /* NewSqliteDemoAppUITests */ = {
			isa = PBXGroup;
			children = (
				7FA3A59B2029AC9600BBE9F9 /* NewSqliteDemoAppUITests.swift */,
				7FA3A59D2029AC9600BBE9F9 /* Info.plist */,
			);
			path = NewSqliteDemoAppUITests;
			sourceTree = "<group>";
		};
/* End PBXGroup section */

/* Begin PBXNativeTarget section */
		7FA3A5772029AC9400BBE9F9 /* NewSqliteDemoApp */ = {
			isa = PBXNativeTarget;
			buildConfigurationList = 7FA3A5A02029AC9600BBE9F9 /* Build configuration list for PBXNativeTarget "NewSqliteDemoApp" */;
			buildPhases = (
				7FA3A5742029AC9400BBE9F9 /* Sources */,
				7FA3A5752029AC9400BBE9F9 /* Frameworks */,
				7FA3A5762029AC9400BBE9F9 /* Resources */,
			);
			buildRules = (
			);
			dependencies = (
			);
			name = NewSqliteDemoApp;
			productName = NewSqliteDemoApp;
			productReference = 7FA3A5782029AC9400BBE9F9 /* NewSqliteDemoApp.app */;
			productType = "com.apple.product-type.application";
		};
		7FA3A58B2029AC9500BBE9F9 /* NewSqliteDemoAppTests */ = {
			isa = PBXNativeTarget;
			buildConfigurationList = 7FA3A5A32029AC9600BBE9F9 /* Build configuration list for PBXNativeTarget "NewSqliteDemoAppTests" */;
			buildPhases = (
				7FA3A5882029AC9500BBE9F9 /* Sources */,
				7FA3A5892029AC9500BBE9F9 /* Frameworks */,
				7FA3A58A2029AC9500BBE9F9 /* Resources */,
			);
			buildRules = (
			);
			dependencies = (
				7FA3A58E2029AC9500BBE9F9 /* PBXTargetDependency */,
			);
			name = NewSqliteDemoAppTests;
			productName = NewSqliteDemoAppTests;
			productReference = 7FA3A58C2029AC9500BBE9F9 /* NewSqliteDemoAppTests.xctest */;
			productType = "com.apple.product-type.bundle.unit-test";
		};
		7FA3A5962029AC9600BBE9F9 /* NewSqliteDemoAppUITests */ = {
			isa = PBXNativeTarget;
			buildConfigurationList = 7FA3A5A62029AC9600BBE9F9 /* Build configuration list for PBXNativeTarget "NewSqliteDemoAppUITests" */;
			buildPhases = (
				7FA3A5932029AC9600BBE9F9 /* Sources */,
				7FA3A5942029AC9600BBE9F9 /* Frameworks */,
				7FA3A5952029AC9600BBE9F9 /* Resources */,
			);
			buildRules = (
			);
			dependencies = (
				7FA3A5992029AC9600BBE9F9 /* PBXTargetDependency */,
			);
			name = NewSqliteDemoAppUITests;
			productName = NewSqliteDemoAppUITests;
			productReference = 7FA3A5972029AC9600BBE9F9 /* NewSqliteDemoAppUITests.xctest */;
			productType = "com.apple.product-type.bundle.ui-testing";
		};
/* End PBXNativeTarget section */

/* Begin PBXProject section */
		7FA3A5702029AC9400BBE9F9 /* Project object */ = {
			isa = PBXProject;
			attributes = {
				LastSwiftUpdateCheck = 0920;
				LastUpgradeCheck = 0920;
				ORGANIZATIONNAME = "Chitra Sambare";
				TargetAttributes = {
					7FA3A5772029AC9400BBE9F9 = {
						CreatedOnToolsVersion = 9.2;
						LastSwiftMigration = 0920;
						ProvisioningStyle = Automatic;
					};
					7FA3A58B2029AC9500BBE9F9 = {
						CreatedOnToolsVersion = 9.2;
						ProvisioningStyle = Automatic;
						TestTargetID = 7FA3A5772029AC9400BBE9F9;
					};
					7FA3A5962029AC9600BBE9F9 = {
						CreatedOnToolsVersion = 9.2;
						ProvisioningStyle = Automatic;
						TestTargetID = 7FA3A5772029AC9400BBE9F9;
					};
				};
			};
			buildConfigurationList = 7FA3A5732029AC9400BBE9F9 /* Build configuration list for PBXProject "NewSqliteDemoApp" */;
			compatibilityVersion = "Xcode 8.0";
			developmentRegion = en;
			hasScannedForEncodings = 0;
			knownRegions = (
				en,
				Base,
			);
			mainGroup = 7FA3A56F2029AC9400BBE9F9;
			productRefGroup = 7FA3A5792029AC9400BBE9F9 /* Products */;
			projectDirPath = "";
			projectRoot = "";
			targets = (
				7FA3A5772029AC9400BBE9F9 /* NewSqliteDemoApp */,
				7FA3A58B2029AC9500BBE9F9 /* NewSqliteDemoAppTests */,
				7FA3A5962029AC9600BBE9F9 /* NewSqliteDemoAppUITests */,
			);
		};
/* End PBXProject section */

/* Begin PBXResourcesBuildPhase section */
		7FA3A5762029AC9400BBE9F9 /* Resources */ = {
			isa = PBXResourcesBuildPhase;
			buildActionMask = 2147483647;
			files = (
				7FA3A5862029AC9500BBE9F9 /* LaunchScreen.storyboard in Resources */,
				7FA3A5832029AC9500BBE9F9 /* Assets.xcassets in Resources */,
				7FA3A5812029AC9500BBE9F9 /* Main.storyboard in Resources */,
			);
			runOnlyForDeploymentPostprocessing = 0;
		};
		7FA3A58A2029AC9500BBE9F9 /* Resources */ = {
			isa = PBXResourcesBuildPhase;
			buildActionMask = 2147483647;
			files = (
			);
			runOnlyForDeploymentPostprocessing = 0;
		};
		7FA3A5952029AC9600BBE9F9 /* Resources */ = {
			isa = PBXResourcesBuildPhase;
			buildActionMask = 2147483647;
			files = (
			);
			runOnlyForDeploymentPostprocessing = 0;
		};
/* End PBXResourcesBuildPhase section */

/* Begin PBXSourcesBuildPhase section */
		7FA3A5742029AC9400BBE9F9 /* Sources */ = {
			isa = PBXSourcesBuildPhase;
			buildActionMask = 2147483647;
			files = (
				7FA3A57E2029AC9400BBE9F9 /* ViewController.swift in Sources */,
				7FA3A5B02029B9C800BBE9F9 /* viewModel.swift in Sources */,
				7FA3A57C2029AC9400BBE9F9 /* AppDelegate.swift in Sources */,
				7FA3A5B42029D1A600BBE9F9 /* MyData.swift in Sources */,
				7FA3A5B22029BEAE00BBE9F9 /* DBManager.swift in Sources */,
			);
			runOnlyForDeploymentPostprocessing = 0;
		};
		7FA3A5882029AC9500BBE9F9 /* Sources */ = {
			isa = PBXSourcesBuildPhase;
			buildActionMask = 2147483647;
			files = (
				7FA3A5912029AC9500BBE9F9 /* NewSqliteDemoAppTests.swift in Sources */,
			);
			runOnlyForDeploymentPostprocessing = 0;
		};
		7FA3A5932029AC9600BBE9F9 /* Sources */ = {
			isa = PBXSourcesBuildPhase;
			buildActionMask = 2147483647;
			files = (
				7FA3A59C2029AC9600BBE9F9 /* NewSqliteDemoAppUITests.swift in Sources */,
			);
			runOnlyForDeploymentPostprocessing = 0;
		};
/* End PBXSourcesBuildPhase section */

/* Begin PBXTargetDependency section */
		7FA3A58E2029AC9500BBE9F9 /* PBXTargetDependency */ = {
			isa = PBXTargetDependency;
			target = 7FA3A5772029AC9400BBE9F9 /* NewSqliteDemoApp */;
			targetProxy = 7FA3A58D2029AC9500BBE9F9 /* PBXContainerItemProxy */;
		};
		7FA3A5992029AC9600BBE9F9 /* PBXTargetDependency */ = {
			isa = PBXTargetDependency;
			target = 7FA3A5772029AC9400BBE9F9 /* NewSqliteDemoApp */;
			targetProxy = 7FA3A5982029AC9600BBE9F9 /* PBXContainerItemProxy */;
		};
/* End PBXTargetDependency section */

/* Begin PBXVariantGroup section */
		7FA3A57F2029AC9500BBE9F9 /* Main.storyboard */ = {
			isa = PBXVariantGroup;
			children = (
				7FA3A5802029AC9500BBE9F9 /* Base */,
			);
			name = Main.storyboard;
			sourceTree = "<group>";
		};
		7FA3A5842029AC9500BBE9F9 /* LaunchScreen.storyboard */ = {
			isa = PBXVariantGroup;
			children = (
				7FA3A5852029AC9500BBE9F9 /* Base */,
			);
			name = LaunchScreen.storyboard;
			sourceTree = "<group>";
		};
/* End PBXVariantGroup section */

/* Begin XCBuildConfiguration section */
		7FA3A59E2029AC9600BBE9F9 /* Debug */ = {
			isa = XCBuildConfiguration;
			buildSettings = {
				ALWAYS_SEARCH_USER_PATHS = NO;
				CLANG_ANALYZER_NONNULL = YES;
				CLANG_ANALYZER_NUMBER_OBJECT_CONVERSION = YES_AGGRESSIVE;
				CLANG_CXX_LANGUAGE_STANDARD = "gnu++14";
				CLANG_CXX_LIBRARY = "libc++";
				CLANG_ENABLE_MODULES = YES;
				CLANG_ENABLE_OBJC_ARC = YES;
				CLANG_WARN_BLOCK_CAPTURE_AUTORELEASING = YES;
				CLANG_WARN_BOOL_CONVERSION = YES;
				CLANG_WARN_COMMA = YES;
				CLANG_WARN_CONSTANT_CONVERSION = YES;
				CLANG_WARN_DIRECT_OBJC_ISA_USAGE = YES_ERROR;
				CLANG_WARN_DOCUMENTATION_COMMENTS = YES;
				CLANG_WARN_EMPTY_BODY = YES;
				CLANG_WARN_ENUM_CONVERSION = YES;
				CLANG_WARN_INFINITE_RECURSION = YES;
				CLANG_WARN_INT_CONVERSION = YES;
				CLANG_WARN_NON_LITERAL_NULL_CONVERSION = YES;
				CLANG_WARN_OBJC_LITERAL_CONVERSION = YES;
				CLANG_WARN_OBJC_ROOT_CLASS = YES_ERROR;
				CLANG_WARN_RANGE_LOOP_ANALYSIS = YES;
				CLANG_WARN_STRICT_PROTOTYPES = YES;
				CLANG_WARN_SUSPICIOUS_MOVE = YES;
				CLANG_WARN_UNGUARDED_AVAILABILITY = YES_AGGRESSIVE;
				CLANG_WARN_UNREACHABLE_CODE = YES;
				CLANG_WARN__DUPLICATE_METHOD_MATCH = YES;
				CODE_SIGN_IDENTITY = "iPhone Developer";
				COPY_PHASE_STRIP = NO;
				DEBUG_INFORMATION_FORMAT = dwarf;
				ENABLE_STRICT_OBJC_MSGSEND = YES;
				ENABLE_TESTABILITY = YES;
				GCC_C_LANGUAGE_STANDARD = gnu11;
				GCC_DYNAMIC_NO_PIC = NO;
				GCC_NO_COMMON_BLOCKS = YES;
				GCC_OPTIMIZATION_LEVEL = 0;
				GCC_PREPROCESSOR_DEFINITIONS = (
					"DEBUG=1",
					"$(inherited)",
				);
				GCC_WARN_64_TO_32_BIT_CONVERSION = YES;
				GCC_WARN_ABOUT_RETURN_TYPE = YES_ERROR;
				GCC_WARN_UNDECLARED_SELECTOR = YES;
				GCC_WARN_UNINITIALIZED_AUTOS = YES_AGGRESSIVE;
				GCC_WARN_UNUSED_FUNCTION = YES;
				GCC_WARN_UNUSED_VARIABLE = YES;
				IPHONEOS_DEPLOYMENT_TARGET = 11.2;
				MTL_ENABLE_DEBUG_INFO = YES;
				ONLY_ACTIVE_ARCH = YES;
				SDKROOT = iphoneos;
				SWIFT_ACTIVE_COMPILATION_CONDITIONS = DEBUG;
				SWIFT_OPTIMIZATION_LEVEL = "-Onone";
			};
			name = Debug;
		};
		7FA3A59F2029AC9600BBE9F9 /* Release */ = {
			isa = XCBuildConfiguration;
			buildSettings = {
				ALWAYS_SEARCH_USER_PATHS = NO;
				CLANG_ANALYZER_NONNULL = YES;
				CLANG_ANALYZER_NUMBER_OBJECT_CONVERSION = YES_AGGRESSIVE;
				CLANG_CXX_LANGUAGE_STANDARD = "gnu++14";
				CLANG_CXX_LIBRARY = "libc++";
				CLANG_ENABLE_MODULES = YES;
				CLANG_ENABLE_OBJC_ARC = YES;
				CLANG_WARN_BLOCK_CAPTURE_AUTORELEASING = YES;
				CLANG_WARN_BOOL_CONVERSION = YES;
				CLANG_WARN_COMMA = YES;
				CLANG_WARN_CONSTANT_CONVERSION = YES;
				CLANG_WARN_DIRECT_OBJC_ISA_USAGE = YES_ERROR;
				CLANG_WARN_DOCUMENTATION_COMMENTS = YES;
				CLANG_WARN_EMPTY_BODY = YES;
				CLANG_WARN_ENUM_CONVERSION = YES;
				CLANG_WARN_INFINITE_RECURSION = YES;
				CLANG_WARN_INT_CONVERSION = YES;
				CLANG_WARN_NON_LITERAL_NULL_CONVERSION = YES;
				CLANG_WARN_OBJC_LITERAL_CONVERSION = YES;
				CLANG_WARN_OBJC_ROOT_CLASS = YES_ERROR;
				CLANG_WARN_RANGE_LOOP_ANALYSIS = YES;
				CLANG_WARN_STRICT_PROTOTYPES = YES;
				CLANG_WARN_SUSPICIOUS_MOVE = YES;
				CLANG_WARN_UNGUARDED_AVAILABILITY = YES_AGGRESSIVE;
				CLANG_WARN_UNREACHABLE_CODE = YES;
				CLANG_WARN__DUPLICATE_METHOD_MATCH = YES;
				CODE_SIGN_IDENTITY = "iPhone Developer";
				COPY_PHASE_STRIP = NO;
				DEBUG_INFORMATION_FORMAT = "dwarf-with-dsym";
				ENABLE_NS_ASSERTIONS = NO;
				ENABLE_STRICT_OBJC_MSGSEND = YES;
				GCC_C_LANGUAGE_STANDARD = gnu11;
				GCC_NO_COMMON_BLOCKS = YES;
				GCC_WARN_64_TO_32_BIT_CONVERSION = YES;
				GCC_WARN_ABOUT_RETURN_TYPE = YES_ERROR;
				GCC_WARN_UNDECLARED_SELECTOR = YES;
				GCC_WARN_UNINITIALIZED_AUTOS = YES_AGGRESSIVE;
				GCC_WARN_UNUSED_FUNCTION = YES;
				GCC_WARN_UNUSED_VARIABLE = YES;
				IPHONEOS_DEPLOYMENT_TARGET = 11.2;
				MTL_ENABLE_DEBUG_INFO = NO;
				SDKROOT = iphoneos;
				SWIFT_OPTIMIZATION_LEVEL = "-Owholemodule";
				VALIDATE_PRODUCT = YES;
			};
			name = Release;
		};
		7FA3A5A12029AC9600BBE9F9 /* Debug */ = {
			isa = XCBuildConfiguration;
			buildSettings = {
				ASSETCATALOG_COMPILER_APPICON_NAME = AppIcon;
				CLANG_ENABLE_MODULES = YES;
				CODE_SIGN_STYLE = Automatic;
				DEVELOPMENT_TEAM = A69LBMPR5G;
				INFOPLIST_FILE = NewSqliteDemoApp/Info.plist;
				IPHONEOS_DEPLOYMENT_TARGET = 9.0;
				LD_RUNPATH_SEARCH_PATHS = "$(inherited) @executable_path/Frameworks";
				PRODUCT_BUNDLE_IDENTIFIER = com.mobilesutra.NewSqliteDemoApp;
				PRODUCT_NAME = "$(TARGET_NAME)";
				SWIFT_OBJC_BRIDGING_HEADER = "NewSqliteDemoApp/NewSqliteDemoApp-Bridging-Header.h";
				SWIFT_OPTIMIZATION_LEVEL = "-Onone";
				SWIFT_VERSION = 4.0;
				TARGETED_DEVICE_FAMILY = 1;
			};
			name = Debug;
		};
		7FA3A5A22029AC9600BBE9F9 /* Release */ = {
			isa = XCBuildConfiguration;
			buildSettings = {
				ASSETCATALOG_COMPILER_APPICON_NAME = AppIcon;
				CLANG_ENABLE_MODULES = YES;
				CODE_SIGN_STYLE = Automatic;
				DEVELOPMENT_TEAM = A69LBMPR5G;
				INFOPLIST_FILE = NewSqliteDemoApp/Info.plist;
				IPHONEOS_DEPLOYMENT_TARGET = 9.0;
				LD_RUNPATH_SEARCH_PATHS = "$(inherited) @executable_path/Frameworks";
				PRODUCT_BUNDLE_IDENTIFIER = com.mobilesutra.NewSqliteDemoApp;
				PRODUCT_NAME = "$(TARGET_NAME)";
				SWIFT_OBJC_BRIDGING_HEADER = "NewSqliteDemoApp/NewSqliteDemoApp-Bridging-Header.h";
				SWIFT_VERSION = 4.0;
				TARGETED_DEVICE_FAMILY = 1;
			};
			name = Release;
		};
		7FA3A5A42029AC9600BBE9F9 /* Debug */ = {
			isa = XCBuildConfiguration;
			buildSettings = {
				ALWAYS_EMBED_SWIFT_STANDARD_LIBRARIES = YES;
				BUNDLE_LOADER = "$(TEST_HOST)";
				CODE_SIGN_STYLE = Automatic;
				DEVELOPMENT_TEAM = A69LBMPR5G;
				INFOPLIST_FILE = NewSqliteDemoAppTests/Info.plist;
				LD_RUNPATH_SEARCH_PATHS = "$(inherited) @executable_path/Frameworks @loader_path/Frameworks";
				PRODUCT_BUNDLE_IDENTIFIER = com.mobilesutra.NewSqliteDemoAppTests;
				PRODUCT_NAME = "$(TARGET_NAME)";
				SWIFT_VERSION = 4.0;
				TARGETED_DEVICE_FAMILY = "1,2";
				TEST_HOST = "$(BUILT_PRODUCTS_DIR)/NewSqliteDemoApp.app/NewSqliteDemoApp";
			};
			name = Debug;
		};
		7FA3A5A52029AC9600BBE9F9 /* Release */ = {
			isa = XCBuildConfiguration;
			buildSettings = {
				ALWAYS_EMBED_SWIFT_STANDARD_LIBRARIES = YES;
				BUNDLE_LOADER = "$(TEST_HOST)";
				CODE_SIGN_STYLE = Automatic;
				DEVELOPMENT_TEAM = A69LBMPR5G;
				INFOPLIST_FILE = NewSqliteDemoAppTests/Info.plist;
				LD_RUNPATH_SEARCH_PATHS = "$(inherited) @executable_path/Frameworks @loader_path/Frameworks";
				PRODUCT_BUNDLE_IDENTIFIER = com.mobilesutra.NewSqliteDemoAppTests;
				PRODUCT_NAME = "$(TARGET_NAME)";
				SWIFT_VERSION = 4.0;
				TARGETED_DEVICE_FAMILY = "1,2";
				TEST_HOST = "$(BUILT_PRODUCTS_DIR)/NewSqliteDemoApp.app/NewSqliteDemoApp";
			};
			name = Release;
		};
		7FA3A5A72029AC9600BBE9F9 /* Debug */ = {
			isa = XCBuildConfiguration;
			buildSettings = {
				ALWAYS_EMBED_SWIFT_STANDARD_LIBRARIES = YES;
				CODE_SIGN_STYLE = Automatic;
				DEVELOPMENT_TEAM = A69LBMPR5G;
				INFOPLIST_FILE = NewSqliteDemoAppUITests/Info.plist;
				LD_RUNPATH_SEARCH_PATHS = "$(inherited) @executable_path/Frameworks @loader_path/Frameworks";
				PRODUCT_BUNDLE_IDENTIFIER = com.mobilesutra.NewSqliteDemoAppUITests;
				PRODUCT_NAME = "$(TARGET_NAME)";
				SWIFT_VERSION = 4.0;
				TARGETED_DEVICE_FAMILY = "1,2";
				TEST_TARGET_NAME = NewSqliteDemoApp;
			};
			name = Debug;
		};
		7FA3A5A82029AC9600BBE9F9 /* Release */ = {
			isa = XCBuildConfiguration;
			buildSettings = {
				ALWAYS_EMBED_SWIFT_STANDARD_LIBRARIES = YES;
				CODE_SIGN_STYLE = Automatic;
				DEVELOPMENT_TEAM = A69LBMPR5G;
				INFOPLIST_FILE = NewSqliteDemoAppUITests/Info.plist;
				LD_RUNPATH_SEARCH_PATHS = "$(inherited) @executable_path/Frameworks @loader_path/Frameworks";
				PRODUCT_BUNDLE_IDENTIFIER = com.mobilesutra.NewSqliteDemoAppUITests;
				PRODUCT_NAME = "$(TARGET_NAME)";
				SWIFT_VERSION = 4.0;
				TARGETED_DEVICE_FAMILY = "1,2";
				TEST_TARGET_NAME = NewSqliteDemoApp;
			};
			name = Release;
		};
/* End XCBuildConfiguration section */

/* Begin XCConfigurationList section */
		7FA3A5732029AC9400BBE9F9 /* Build configuration list for PBXProject "NewSqliteDemoApp" */ = {
			isa = XCConfigurationList;
			buildConfigurations = (
				7FA3A59E2029AC9600BBE9F9 /* Debug */,
				7FA3A59F2029AC9600BBE9F9 /* Release */,
			);
			defaultConfigurationIsVisible = 0;
			defaultConfigurationName = Release;
		};
		7FA3A5A02029AC9600BBE9F9 /* Build configuration list for PBXNativeTarget "NewSqliteDemoApp" */ = {
			isa = XCConfigurationList;
			buildConfigurations = (
				7FA3A5A12029AC9600BBE9F9 /* Debug */,
				7FA3A5A22029AC9600BBE9F9 /* Release */,
			);
			defaultConfigurationIsVisible = 0;
			defaultConfigurationName = Release;
		};
		7FA3A5A32029AC9600BBE9F9 /* Build configuration list for PBXNativeTarget "NewSqliteDemoAppTests" */ = {
			isa = XCConfigurationList;
			buildConfigurations = (
				7FA3A5A42029AC9600BBE9F9 /* Debug */,
				7FA3A5A52029AC9600BBE9F9 /* Release */,
			);
			defaultConfigurationIsVisible = 0;
			defaultConfigurationName = Release;
		};
		7FA3A5A62029AC9600BBE9F9 /* Build configuration list for PBXNativeTarget "NewSqliteDemoAppUITests" */ = {
			isa = XCConfigurationList;
			buildConfigurations = (
				7FA3A5A72029AC9600BBE9F9 /* Debug */,
				7FA3A5A82029AC9600BBE9F9 /* Release */,
			);
			defaultConfigurationIsVisible = 0;
			defaultConfigurationName = Release;
		};
/* End XCConfigurationList section */
	};
	rootObject = 7FA3A5702029AC9400BBE9F9 /* Project object */;
}
